
Microsoft Visual Studio Solution File, Format Version 12.00
# Visual Studio Version 17
VisualStudioVersion = 17.14.36109.1
MinimumVisualStudioVersion = 10.0.40219.1
Project("{2150E333-8FDC-42A3-9474-1A3956D46DE8}") = "src", "src", "{827E0CD3-B72D-47B6-A68D-7590B98EB39B}"
EndProject
Project("{2150E333-8FDC-42A3-9474-1A3956D46DE8}") = "Client", "Client", "{C5A3B5EA-BE9F-76E5-E9B8-8A22B289B295}"
EndProject
Project("{FAE04EC0-301F-11D3-BF4B-00C04F79EFBC}") = "QuizApp.Client", "src\Client\QuizApp.Client.csproj", "{63BD1E8F-2E3B-43BE-8098-A2B1293E574E}"
EndProject
Project("{2150E333-8FDC-42A3-9474-1A3956D46DE8}") = "Server", "Server", "{E6B48023-E680-40DA-9E17-319585C26937}"
EndProject
Project("{FAE04EC0-301F-11D3-BF4B-00C04F79EFBC}") = "QuizApp.Server", "src\Server\QuizApp.Server.csproj", "{6F2F767A-3E17-4320-BA93-049EE25380AD}"
EndProject
Project("{2150E333-8FDC-42A3-9474-1A3956D46DE8}") = "Shared", "Shared", "{C8E42992-5E42-0C2B-DBFE-AA848D06431C}"
EndProject
Project("{FAE04EC0-301F-11D3-BF4B-00C04F79EFBC}") = "QuizApp.Shared", "src\Shared\QuizApp.Shared.csproj", "{973FCAC4-797E-4424-9D48-8B30EFEA3EE8}"
EndProject
Project("{2150E333-8FDC-42A3-9474-1A3956D46DE8}") = "Core", "Core", "{02EA681E-C7D8-13C7-8484-4AC65E1B71E8}"
EndProject
Project("{2150E333-8FDC-42A3-9474-1A3956D46DE8}") = "Infrastructure", "Infrastructure", "{9048EB7F-3875-A59E-E36B-5BD4C6F2A282}"
EndProject
Project("{FAE04EC0-301F-11D3-BF4B-00C04F79EFBC}") = "QuizApp.Infrastructure", "src\Infrastructure\QuizApp.Infrastructure\QuizApp.Infrastructure.csproj", "{28B3C44C-6AEE-4E63-B779-35D4A7DC0D05}"
EndProject
Project("{2150E333-8FDC-42A3-9474-1A3956D46DE8}") = "Entities", "Entities", "{55B1745B-AE16-40E9-BFDB-87996031C165}"
	ProjectSection(SolutionItems) = preProject
		BaseEntity.cs = BaseEntity.cs
		Category.cs = Category.cs
		Option.cs = Option.cs
		Question.cs = Question.cs
		Quiz.cs = Quiz.cs
	EndProjectSection
EndProject
Project("{2150E333-8FDC-42A3-9474-1A3956D46DE8}") = "DTOs", "DTOs", "{8561716B-A0AC-473E-B101-5EC1B54C0CC9}"
EndProject
Project("{2150E333-8FDC-42A3-9474-1A3956D46DE8}") = "Services", "Services", "{20159290-642F-4323-8B32-8E34F315BC27}"
EndProject
Project("{2150E333-8FDC-42A3-9474-1A3956D46DE8}") = "Interfaces", "Interfaces", "{ACCBB267-6978-4052-BACB-1061FE807DFF}"
EndProject
Global
	GlobalSection(SolutionConfigurationPlatforms) = preSolution
		Debug|Any CPU = Debug|Any CPU
		Debug|x64 = Debug|x64
		Debug|x86 = Debug|x86
		Release|Any CPU = Release|Any CPU
		Release|x64 = Release|x64
		Release|x86 = Release|x86
	EndGlobalSection
	GlobalSection(ProjectConfigurationPlatforms) = postSolution
		{63BD1E8F-2E3B-43BE-8098-A2B1293E574E}.Debug|Any CPU.ActiveCfg = Debug|Any CPU
		{63BD1E8F-2E3B-43BE-8098-A2B1293E574E}.Debug|Any CPU.Build.0 = Debug|Any CPU
		{63BD1E8F-2E3B-43BE-8098-A2B1293E574E}.Debug|x64.ActiveCfg = Debug|Any CPU
		{63BD1E8F-2E3B-43BE-8098-A2B1293E574E}.Debug|x64.Build.0 = Debug|Any CPU
		{63BD1E8F-2E3B-43BE-8098-A2B1293E574E}.Debug|x86.ActiveCfg = Debug|Any CPU
		{63BD1E8F-2E3B-43BE-8098-A2B1293E574E}.Debug|x86.Build.0 = Debug|Any CPU
		{63BD1E8F-2E3B-43BE-8098-A2B1293E574E}.Release|Any CPU.ActiveCfg = Release|Any CPU
		{63BD1E8F-2E3B-43BE-8098-A2B1293E574E}.Release|Any CPU.Build.0 = Release|Any CPU
		{63BD1E8F-2E3B-43BE-8098-A2B1293E574E}.Release|x64.ActiveCfg = Release|Any CPU
		{63BD1E8F-2E3B-43BE-8098-A2B1293E574E}.Release|x64.Build.0 = Release|Any CPU
		{63BD1E8F-2E3B-43BE-8098-A2B1293E574E}.Release|x86.ActiveCfg = Release|Any CPU
		{63BD1E8F-2E3B-43BE-8098-A2B1293E574E}.Release|x86.Build.0 = Release|Any CPU
		{6F2F767A-3E17-4320-BA93-049EE25380AD}.Debug|Any CPU.ActiveCfg = Debug|Any CPU
		{6F2F767A-3E17-4320-BA93-049EE25380AD}.Debug|Any CPU.Build.0 = Debug|Any CPU
		{6F2F767A-3E17-4320-BA93-049EE25380AD}.Debug|x64.ActiveCfg = Debug|Any CPU
		{6F2F767A-3E17-4320-BA93-049EE25380AD}.Debug|x64.Build.0 = Debug|Any CPU
		{6F2F767A-3E17-4320-BA93-049EE25380AD}.Debug|x86.ActiveCfg = Debug|Any CPU
		{6F2F767A-3E17-4320-BA93-049EE25380AD}.Debug|x86.Build.0 = Debug|Any CPU
		{6F2F767A-3E17-4320-BA93-049EE25380AD}.Release|Any CPU.ActiveCfg = Release|Any CPU
		{6F2F767A-3E17-4320-BA93-049EE25380AD}.Release|Any CPU.Build.0 = Release|Any CPU
		{6F2F767A-3E17-4320-BA93-049EE25380AD}.Release|x64.ActiveCfg = Release|Any CPU
		{6F2F767A-3E17-4320-BA93-049EE25380AD}.Release|x64.Build.0 = Release|Any CPU
		{6F2F767A-3E17-4320-BA93-049EE25380AD}.Release|x86.ActiveCfg = Release|Any CPU
		{6F2F767A-3E17-4320-BA93-049EE25380AD}.Release|x86.Build.0 = Release|Any CPU
		{973FCAC4-797E-4424-9D48-8B30EFEA3EE8}.Debug|Any CPU.ActiveCfg = Debug|Any CPU
		{973FCAC4-797E-4424-9D48-8B30EFEA3EE8}.Debug|Any CPU.Build.0 = Debug|Any CPU
		{973FCAC4-797E-4424-9D48-8B30EFEA3EE8}.Debug|x64.ActiveCfg = Debug|Any CPU
		{973FCAC4-797E-4424-9D48-8B30EFEA3EE8}.Debug|x64.Build.0 = Debug|Any CPU
		{973FCAC4-797E-4424-9D48-8B30EFEA3EE8}.Debug|x86.ActiveCfg = Debug|Any CPU
		{973FCAC4-797E-4424-9D48-8B30EFEA3EE8}.Debug|x86.Build.0 = Debug|Any CPU
		{973FCAC4-797E-4424-9D48-8B30EFEA3EE8}.Release|Any CPU.ActiveCfg = Release|Any CPU
		{973FCAC4-797E-4424-9D48-8B30EFEA3EE8}.Release|Any CPU.Build.0 = Release|Any CPU
		{973FCAC4-797E-4424-9D48-8B30EFEA3EE8}.Release|x64.ActiveCfg = Release|Any CPU
		{973FCAC4-797E-4424-9D48-8B30EFEA3EE8}.Release|x64.Build.0 = Release|Any CPU
		{973FCAC4-797E-4424-9D48-8B30EFEA3EE8}.Release|x86.ActiveCfg = Release|Any CPU
		{973FCAC4-797E-4424-9D48-8B30EFEA3EE8}.Release|x86.Build.0 = Release|Any CPU
		{28B3C44C-6AEE-4E63-B779-35D4A7DC0D05}.Debug|Any CPU.ActiveCfg = Debug|Any CPU
		{28B3C44C-6AEE-4E63-B779-35D4A7DC0D05}.Debug|Any CPU.Build.0 = Debug|Any CPU
		{28B3C44C-6AEE-4E63-B779-35D4A7DC0D05}.Debug|x64.ActiveCfg = Debug|Any CPU
		{28B3C44C-6AEE-4E63-B779-35D4A7DC0D05}.Debug|x64.Build.0 = Debug|Any CPU
		{28B3C44C-6AEE-4E63-B779-35D4A7DC0D05}.Debug|x86.ActiveCfg = Debug|Any CPU
		{28B3C44C-6AEE-4E63-B779-35D4A7DC0D05}.Debug|x86.Build.0 = Debug|Any CPU
		{28B3C44C-6AEE-4E63-B779-35D4A7DC0D05}.Release|Any CPU.ActiveCfg = Release|Any CPU
		{28B3C44C-6AEE-4E63-B779-35D4A7DC0D05}.Release|Any CPU.Build.0 = Release|Any CPU
		{28B3C44C-6AEE-4E63-B779-35D4A7DC0D05}.Release|x64.ActiveCfg = Release|Any CPU
		{28B3C44C-6AEE-4E63-B779-35D4A7DC0D05}.Release|x64.Build.0 = Release|Any CPU
		{28B3C44C-6AEE-4E63-B779-35D4A7DC0D05}.Release|x86.ActiveCfg = Release|Any CPU
		{28B3C44C-6AEE-4E63-B779-35D4A7DC0D05}.Release|x86.Build.0 = Release|Any CPU
	EndGlobalSection
	GlobalSection(SolutionProperties) = preSolution
		HideSolutionNode = FALSE
	EndGlobalSection
	GlobalSection(NestedProjects) = preSolution
		{C5A3B5EA-BE9F-76E5-E9B8-8A22B289B295} = {827E0CD3-B72D-47B6-A68D-7590B98EB39B}
		{63BD1E8F-2E3B-43BE-8098-A2B1293E574E} = {C5A3B5EA-BE9F-76E5-E9B8-8A22B289B295}
		{E6B48023-E680-40DA-9E17-319585C26937} = {827E0CD3-B72D-47B6-A68D-7590B98EB39B}
		{6F2F767A-3E17-4320-BA93-049EE25380AD} = {E6B48023-E680-40DA-9E17-319585C26937}
		{C8E42992-5E42-0C2B-DBFE-AA848D06431C} = {827E0CD3-B72D-47B6-A68D-7590B98EB39B}
		{973FCAC4-797E-4424-9D48-8B30EFEA3EE8} = {C8E42992-5E42-0C2B-DBFE-AA848D06431C}
		{02EA681E-C7D8-13C7-8484-4AC65E1B71E8} = {827E0CD3-B72D-47B6-A68D-7590B98EB39B}
		{9048EB7F-3875-A59E-E36B-5BD4C6F2A282} = {827E0CD3-B72D-47B6-A68D-7590B98EB39B}
		{28B3C44C-6AEE-4E63-B779-35D4A7DC0D05} = {9048EB7F-3875-A59E-E36B-5BD4C6F2A282}
		{55B1745B-AE16-40E9-BFDB-87996031C165} = {02EA681E-C7D8-13C7-8484-4AC65E1B71E8}
		{8561716B-A0AC-473E-B101-5EC1B54C0CC9} = {02EA681E-C7D8-13C7-8484-4AC65E1B71E8}
		{20159290-642F-4323-8B32-8E34F315BC27} = {02EA681E-C7D8-13C7-8484-4AC65E1B71E8}
		{ACCBB267-6978-4052-BACB-1061FE807DFF} = {02EA681E-C7D8-13C7-8484-4AC65E1B71E8}
	EndGlobalSection
	GlobalSection(ExtensibilityGlobals) = postSolution
		SolutionGuid = {B3377899-3FC4-4DC7-AE17-141985EBD809}
	EndGlobalSection
EndGlobal
